// !$*UTF8*$!
{
	archiveVersion = 1;
	classes = {
	};
	objectVersion = 56;
	objects = {

/* Begin PBXBuildFile section */
		86304EB32AF3DF75002BA83C /* AppDelegate.swift in Sources */ = {isa = PBXBuildFile; fileRef = 86304EB22AF3DF75002BA83C /* AppDelegate.swift */; };
		86304EB52AF3DF75002BA83C /* SceneDelegate.swift in Sources */ = {isa = PBXBuildFile; fileRef = 86304EB42AF3DF75002BA83C /* SceneDelegate.swift */; };
		86304EB72AF3DF75002BA83C /* ViewController.swift in Sources */ = {isa = PBXBuildFile; fileRef = 86304EB62AF3DF75002BA83C /* ViewController.swift */; };
		86304EBA2AF3DF75002BA83C /* Main.storyboard in Resources */ = {isa = PBXBuildFile; fileRef = 86304EB82AF3DF75002BA83C /* Main.storyboard */; };
		86304EBC2AF3DF78002BA83C /* Assets.xcassets in Resources */ = {isa = PBXBuildFile; fileRef = 86304EBB2AF3DF78002BA83C /* Assets.xcassets */; };
		86304EBF2AF3DF78002BA83C /* LaunchScreen.storyboard in Resources */ = {isa = PBXBuildFile; fileRef = 86304EBD2AF3DF78002BA83C /* LaunchScreen.storyboard */; };
		ECB21756E6CB28B423795814 /* Pods_MyCocoapodClient.framework in Frameworks */ = {isa = PBXBuildFile; fileRef = 0B66A7379DD7A624072FCF05 /* Pods_MyCocoapodClient.framework */; };
/* End PBXBuildFile section */

/* Begin PBXFileReference section */
		0B66A7379DD7A624072FCF05 /* Pods_MyCocoapodClient.framework */ = {isa = PBXFileReference; explicitFileType = wrapper.framework; includeInIndex = 0; path = Pods_MyCocoapodClient.framework; sourceTree = BUILT_PRODUCTS_DIR; };
		334D3B474E526056594A9C9E /* Pods-MyCocoapodClient.debug.xcconfig */ = {isa = PBXFileReference; includeInIndex = 1; lastKnownFileType = text.xcconfig; name = "Pods-MyCocoapodClient.debug.xcconfig"; path = "Target Support Files/Pods-MyCocoapodClient/Pods-MyCocoapodClient.debug.xcconfig"; sourceTree = "<group>"; };
		86304EAF2AF3DF75002BA83C /* MyCocoapodClient.app */ = {isa = PBXFileReference; explicitFileType = wrapper.application; includeInIndex = 0; path = MyCocoapodClient.app; sourceTree = BUILT_PRODUCTS_DIR; };
		86304EB22AF3DF75002BA83C /* AppDelegate.swift */ = {isa = PBXFileReference; lastKnownFileType = sourcecode.swift; path = AppDelegate.swift; sourceTree = "<group>"; };
		86304EB42AF3DF75002BA83C /* SceneDelegate.swift */ = {isa = PBXFileReference; lastKnownFileType = sourcecode.swift; path = SceneDelegate.swift; sourceTree = "<group>"; };
		86304EB62AF3DF75002BA83C /* ViewController.swift */ = {isa = PBXFileReference; lastKnownFileType = sourcecode.swift; path = ViewController.swift; sourceTree = "<group>"; };
		86304EB92AF3DF75002BA83C /* Base */ = {isa = PBXFileReference; lastKnownFileType = file.storyboard; name = Base; path = Base.lproj/Main.storyboard; sourceTree = "<group>"; };
		86304EBB2AF3DF78002BA83C /* Assets.xcassets */ = {isa = PBXFileReference; lastKnownFileType = folder.assetcatalog; path = Assets.xcassets; sourceTree = "<group>"; };
		86304EBE2AF3DF78002BA83C /* Base */ = {isa = PBXFileReference; lastKnownFileType = file.storyboard; name = Base; path = Base.lproj/LaunchScreen.storyboard; sourceTree = "<group>"; };
		86304EC02AF3DF78002BA83C /* Info.plist */ = {isa = PBXFileReference; lastKnownFileType = text.plist.xml; path = Info.plist; sourceTree = "<group>"; };
		B6796BD811DB1CCC9D1DE20B /* Pods-MyCocoapodClient.release.xcconfig */ = {isa = PBXFileReference; includeInIndex = 1; lastKnownFileType = text.xcconfig; name = "Pods-MyCocoapodClient.release.xcconfig"; path = "Target Support Files/Pods-MyCocoapodClient/Pods-MyCocoapodClient.release.xcconfig"; sourceTree = "<group>"; };
/* End PBXFileReference section */

/* Begin PBXFrameworksBuildPhase section */
		86304EAC2AF3DF75002BA83C /* Frameworks */ = {
			isa = PBXFrameworksBuildPhase;
			buildActionMask = 2147483647;
			files = (
				ECB21756E6CB28B423795814 /* Pods_MyCocoapodClient.framework in Frameworks */,
			);
			runOnlyForDeploymentPostprocessing = 0;
		};
/* End PBXFrameworksBuildPhase section */

/* Begin PBXGroup section */
		1FAB3E0D021FFC68CAFFE309 /* Frameworks */ = {
			isa = PBXGroup;
			children = (
				0B66A7379DD7A624072FCF05 /* Pods_MyCocoapodClient.framework */,
			);
			name = Frameworks;
			sourceTree = "<group>";
		};
		7EA20DC7EBB75E673D83C1A1 /* Pods */ = {
			isa = PBXGroup;
			children = (
				334D3B474E526056594A9C9E /* Pods-MyCocoapodClient.debug.xcconfig */,
				B6796BD811DB1CCC9D1DE20B /* Pods-MyCocoapodClient.release.xcconfig */,
			);
			name = Pods;
			path = Pods;
			sourceTree = "<group>";
		};
		86304EA62AF3DF75002BA83C = {
			isa = PBXGroup;
			children = (
				86304EB12AF3DF75002BA83C /* MyCocoapodClient */,
				86304EB02AF3DF75002BA83C /* Products */,
				7EA20DC7EBB75E673D83C1A1 /* Pods */,
				1FAB3E0D021FFC68CAFFE309 /* Frameworks */,
			);
			sourceTree = "<group>";
		};
		86304EB02AF3DF75002BA83C /* Products */ = {
			isa = PBXGroup;
			children = (
				86304EAF2AF3DF75002BA83C /* MyCocoapodClient.app */,
			);
			name = Products;
			sourceTree = "<group>";
		};
		86304EB12AF3DF75002BA83C /* MyCocoapodClient */ = {
			isa = PBXGroup;
			children = (
				86304EB22AF3DF75002BA83C /* AppDelegate.swift */,
				86304EB42AF3DF75002BA83C /* SceneDelegate.swift */,
				86304EB62AF3DF75002BA83C /* ViewController.swift */,
				86304EB82AF3DF75002BA83C /* Main.storyboard */,
				86304EBB2AF3DF78002BA83C /* Assets.xcassets */,
				86304EBD2AF3DF78002BA83C /* LaunchScreen.storyboard */,
				86304EC02AF3DF78002BA83C /* Info.plist */,
			);
			path = MyCocoapodClient;
			sourceTree = "<group>";
		};
/* End PBXGroup section */

/* Begin PBXNativeTarget section */
		86304EAE2AF3DF75002BA83C /* MyCocoapodClient */ = {
			isa = PBXNativeTarget;
			buildConfigurationList = 86304EC32AF3DF78002BA83C /* Build configuration list for PBXNativeTarget "MyCocoapodClient" */;
			buildPhases = (
				1CCE5891007084615DF6828A /* [CP] Check Pods Manifest.lock */,
				86304EAB2AF3DF75002BA83C /* Sources */,
				86304EAC2AF3DF75002BA83C /* Frameworks */,
				86304EAD2AF3DF75002BA83C /* Resources */,
			);
			buildRules = (
			);
			dependencies = (
			);
			name = MyCocoapodClient;
			productName = MyCocoapodClient;
			productReference = 86304EAF2AF3DF75002BA83C /* MyCocoapodClient.app */;
			productType = "com.apple.product-type.application";
		};
/* End PBXNativeTarget section */

/* Begin PBXProject section */
		86304EA72AF3DF75002BA83C /* Project object */ = {
			isa = PBXProject;
			attributes = {
				BuildIndependentTargetsInParallel = 1;
				LastSwiftUpdateCheck = 1420;
				LastUpgradeCheck = 1420;
				TargetAttributes = {
					86304EAE2AF3DF75002BA83C = {
						CreatedOnToolsVersion = 14.2;
					};
				};
			};
			buildConfigurationList = 86304EAA2AF3DF75002BA83C /* Build configuration list for PBXProject "MyCocoapodClient" */;
			compatibilityVersion = "Xcode 14.0";
			developmentRegion = en;
			hasScannedForEncodings = 0;
			knownRegions = (
				en,
				Base,
			);
			mainGroup = 86304EA62AF3DF75002BA83C;
			productRefGroup = 86304EB02AF3DF75002BA83C /* Products */;
			projectDirPath = "";
			projectRoot = "";
			targets = (
				86304EAE2AF3DF75002BA83C /* MyCocoapodClient */,
			);
		};
/* End PBXProject section */

/* Begin PBXResourcesBuildPhase section */
		86304EAD2AF3DF75002BA83C /* Resources */ = {
			isa = PBXResourcesBuildPhase;
			buildActionMask = 2147483647;
			files = (
				86304EBF2AF3DF78002BA83C /* LaunchScreen.storyboard in Resources */,
				86304EBC2AF3DF78002BA83C /* Assets.xcassets in Resources */,
				86304EBA2AF3DF75002BA83C /* Main.storyboard in Resources */,
			);
			runOnlyForDeploymentPostprocessing = 0;
		};
/* End PBXResourcesBuildPhase section */

/* Begin PBXShellScriptBuildPhase section */
		1CCE5891007084615DF6828A /* [CP] Check Pods Manifest.lock */ = {
			isa = PBXShellScriptBuildPhase;
			buildActionMask = 2147483647;
			files = (
			);
			inputFileListPaths = (
			);
			inputPaths = (
				"${PODS_PODFILE_DIR_PATH}/Podfile.lock",
				"${PODS_ROOT}/Manifest.lock",
			);
			name = "[CP] Check Pods Manifest.lock";
			outputFileListPaths = (
			);
			outputPaths = (
				"$(DERIVED_FILE_DIR)/Pods-MyCocoapodClient-checkManifestLockResult.txt",
			);
			runOnlyForDeploymentPostprocessing = 0;
			shellPath = /bin/sh;
			shellScript = "diff \"${PODS_PODFILE_DIR_PATH}/Podfile.lock\" \"${PODS_ROOT}/Manifest.lock\" > /dev/null\nif [ $? != 0 ] ; then\n    # print error to STDERR\n    echo \"error: The sandbox is not in sync with the Podfile.lock. Run 'pod install' or update your CocoaPods installation.\" >&2\n    exit 1\nfi\n# This output is used by Xcode 'outputs' to avoid re-running this script phase.\necho \"SUCCESS\" > \"${SCRIPT_OUTPUT_FILE_0}\"\n";
			showEnvVarsInLog = 0;
		};
/* End PBXShellScriptBuildPhase section */

/* Begin PBXSourcesBuildPhase section */
		86304EAB2AF3DF75002BA83C /* Sources */ = {
			isa = PBXSourcesBuildPhase;
			buildActionMask = 2147483647;
			files = (
				86304EB72AF3DF75002BA83C /* ViewController.swift in Sources */,
				86304EB32AF3DF75002BA83C /* AppDelegate.swift in Sources */,
				86304EB52AF3DF75002BA83C /* SceneDelegate.swift in Sources */,
			);
			runOnlyForDeploymentPostprocessing = 0;
		};
/* End PBXSourcesBuildPhase section */

/* Begin PBXVariantGroup section */
		86304EB82AF3DF75002BA83C /* Main.storyboard */ = {
			isa = PBXVariantGroup;
			children = (
				86304EB92AF3DF75002BA83C /* Base */,
			);
			name = Main.storyboard;
			sourceTree = "<group>";
		};
		86304EBD2AF3DF78002BA83C /* LaunchScreen.storyboard */ = {
			isa = PBXVariantGroup;
			children = (
				86304EBE2AF3DF78002BA83C /* Base */,
			);
			name = LaunchScreen.storyboard;
			sourceTree = "<group>";
		};
/* End PBXVariantGroup section */

/* Begin XCBuildConfiguration section */
		86304EC12AF3DF78002BA83C /* Debug */ = {
			isa = XCBuildConfiguration;
			buildSettings = {
				ALWAYS_SEARCH_USER_PATHS = NO;
				CLANG_ANALYZER_NONNULL = YES;
				CLANG_ANALYZER_NUMBER_OBJECT_CONVERSION = YES_AGGRESSIVE;
				CLANG_CXX_LANGUAGE_STANDARD = "gnu++20";
				CLANG_ENABLE_MODULES = YES;
				CLANG_ENABLE_OBJC_ARC = YES;
				CLANG_ENABLE_OBJC_WEAK = YES;
				CLANG_WARN_BLOCK_CAPTURE_AUTORELEASING = YES;
				CLANG_WARN_BOOL_CONVERSION = YES;
				CLANG_WARN_COMMA = YES;
				CLANG_WARN_CONSTANT_CONVERSION = YES;
				CLANG_WARN_DEPRECATED_OBJC_IMPLEMENTATIONS = YES;
				CLANG_WARN_DIRECT_OBJC_ISA_USAGE = YES_ERROR;
				CLANG_WARN_DOCUMENTATION_COMMENTS = YES;
				CLANG_WARN_EMPTY_BODY = YES;
				CLANG_WARN_ENUM_CONVERSION = YES;
				CLANG_WARN_INFINITE_RECURSION = YES;
				CLANG_WARN_INT_CONVERSION = YES;
				CLANG_WARN_NON_LITERAL_NULL_CONVERSION = YES;
				CLANG_WARN_OBJC_IMPLICIT_RETAIN_SELF = YES;
				CLANG_WARN_OBJC_LITERAL_CONVERSION = YES;
				CLANG_WARN_OBJC_ROOT_CLASS = YES_ERROR;
				CLANG_WARN_QUOTED_INCLUDE_IN_FRAMEWORK_HEADER = YES;
				CLANG_WARN_RANGE_LOOP_ANALYSIS = YES;
				CLANG_WARN_STRICT_PROTOTYPES = YES;
				CLANG_WARN_SUSPICIOUS_MOVE = YES;
				CLANG_WARN_UNGUARDED_AVAILABILITY = YES_AGGRESSIVE;
				CLANG_WARN_UNREACHABLE_CODE = YES;
				CLANG_WARN__DUPLICATE_METHOD_MATCH = YES;
				COPY_PHASE_STRIP = NO;
				DEBUG_INFORMATION_FORMAT = dwarf;
				ENABLE_STRICT_OBJC_MSGSEND = YES;
				ENABLE_TESTABILITY = YES;
				GCC_C_LANGUAGE_STANDARD = gnu11;
				GCC_DYNAMIC_NO_PIC = NO;
				GCC_NO_COMMON_BLOCKS = YES;
				GCC_OPTIMIZATION_LEVEL = 0;
				GCC_PREPROCESSOR_DEFINITIONS = (
					"DEBUG=1",
					"$(inherited)",
				);
				GCC_WARN_64_TO_32_BIT_CONVERSION = YES;
				GCC_WARN_ABOUT_RETURN_TYPE = YES_ERROR;
				GCC_WARN_UNDECLARED_SELECTOR = YES;
				GCC_WARN_UNINITIALIZED_AUTOS = YES_AGGRESSIVE;
				GCC_WARN_UNUSED_FUNCTION = YES;
				GCC_WARN_UNUSED_VARIABLE = YES;
				IPHONEOS_DEPLOYMENT_TARGET = 16.2;
				MTL_ENABLE_DEBUG_INFO = INCLUDE_SOURCE;
				MTL_FAST_MATH = YES;
				ONLY_ACTIVE_ARCH = YES;
				SDKROOT = iphoneos;
				SWIFT_ACTIVE_COMPILATION_CONDITIONS = DEBUG;
				SWIFT_OPTIMIZATION_LEVEL = "-Onone";
			};
			name = Debug;
		};
		86304EC22AF3DF78002BA83C /* Release */ = {
			isa = XCBuildConfiguration;
			buildSettings = {
				ALWAYS_SEARCH_USER_PATHS = NO;
				CLANG_ANALYZER_NONNULL = YES;
				CLANG_ANALYZER_NUMBER_OBJECT_CONVERSION = YES_AGGRESSIVE;
				CLANG_CXX_LANGUAGE_STANDARD = "gnu++20";
				CLANG_ENABLE_MODULES = YES;
				CLANG_ENABLE_OBJC_ARC = YES;
				CLANG_ENABLE_OBJC_WEAK = YES;
				CLANG_WARN_BLOCK_CAPTURE_AUTORELEASING = YES;
				CLANG_WARN_BOOL_CONVERSION = YES;
				CLANG_WARN_COMMA = YES;
				CLANG_WARN_CONSTANT_CONVERSION = YES;
				CLANG_WARN_DEPRECATED_OBJC_IMPLEMENTATIONS = YES;
				CLANG_WARN_DIRECT_OBJC_ISA_USAGE = YES_ERROR;
				CLANG_WARN_DOCUMENTATION_COMMENTS = YES;
				CLANG_WARN_EMPTY_BODY = YES;
				CLANG_WARN_ENUM_CONVERSION = YES;
				CLANG_WARN_INFINITE_RECURSION = YES;
				CLANG_WARN_INT_CONVERSION = YES;
				CLANG_WARN_NON_LITERAL_NULL_CONVERSION = YES;
				CLANG_WARN_OBJC_IMPLICIT_RETAIN_SELF = YES;
				CLANG_WARN_OBJC_LITERAL_CONVERSION = YES;
				CLANG_WARN_OBJC_ROOT_CLASS = YES_ERROR;
				CLANG_WARN_QUOTED_INCLUDE_IN_FRAMEWORK_HEADER = YES;
				CLANG_WARN_RANGE_LOOP_ANALYSIS = YES;
				CLANG_WARN_STRICT_PROTOTYPES = YES;
				CLANG_WARN_SUSPICIOUS_MOVE = YES;
				CLANG_WARN_UNGUARDED_AVAILABILITY = YES_AGGRESSIVE;
				CLANG_WARN_UNREACHABLE_CODE = YES;
				CLANG_WARN__DUPLICATE_METHOD_MATCH = YES;
				COPY_PHASE_STRIP = NO;
				DEBUG_INFORMATION_FORMAT = "dwarf-with-dsym";
				ENABLE_NS_ASSERTIONS = NO;
				ENABLE_STRICT_OBJC_MSGSEND = YES;
				GCC_C_LANGUAGE_STANDARD = gnu11;
				GCC_NO_COMMON_BLOCKS = YES;
				GCC_WARN_64_TO_32_BIT_CONVERSION = YES;
				GCC_WARN_ABOUT_RETURN_TYPE = YES_ERROR;
				GCC_WARN_UNDECLARED_SELECTOR = YES;
				GCC_WARN_UNINITIALIZED_AUTOS = YES_AGGRESSIVE;
				GCC_WARN_UNUSED_FUNCTION = YES;
				GCC_WARN_UNUSED_VARIABLE = YES;
				IPHONEOS_DEPLOYMENT_TARGET = 16.2;
				MTL_ENABLE_DEBUG_INFO = NO;
				MTL_FAST_MATH = YES;
				SDKROOT = iphoneos;
				SWIFT_COMPILATION_MODE = wholemodule;
				SWIFT_OPTIMIZATION_LEVEL = "-O";
				VALIDATE_PRODUCT = YES;
			};
			name = Release;
		};
		86304EC42AF3DF78002BA83C /* Debug */ = {
			isa = XCBuildConfiguration;
			baseConfigurationReference = 334D3B474E526056594A9C9E /* Pods-MyCocoapodClient.debug.xcconfig */;
			buildSettings = {
				ASSETCATALOG_COMPILER_APPICON_NAME = AppIcon;
				ASSETCATALOG_COMPILER_GLOBAL_ACCENT_COLOR_NAME = AccentColor;
				CODE_SIGN_STYLE = Automatic;
				CURRENT_PROJECT_VERSION = 1;
				GENERATE_INFOPLIST_FILE = YES;
				INFOPLIST_FILE = MyCocoapodClient/Info.plist;
				INFOPLIST_KEY_UIApplicationSupportsIndirectInputEvents = YES;
				INFOPLIST_KEY_UILaunchStoryboardName = LaunchScreen;
				INFOPLIST_KEY_UIMainStoryboardFile = Main;
				INFOPLIST_KEY_UISupportedInterfaceOrientations_iPad = "UIInterfaceOrientationPortrait UIInterfaceOrientationPortraitUpsideDown UIInterfaceOrientationLandscapeLeft UIInterfaceOrientationLandscapeRight";
				INFOPLIST_KEY_UISupportedInterfaceOrientations_iPhone = "UIInterfaceOrientationPortrait UIInterfaceOrientationLandscapeLeft UIInterfaceOrientationLandscapeRight";
				LD_RUNPATH_SEARCH_PATHS = (
					"$(inherited)",
					"@executable_path/Frameworks",
				);
				MARKETING_VERSION = 1.0;
				PRODUCT_BUNDLE_IDENTIFIER = com.nag.MyCocoapodClient;
				PRODUCT_NAME = "$(TARGET_NAME)";
				SWIFT_EMIT_LOC_STRINGS = YES;
				SWIFT_VERSION = 5.0;
				TARGETED_DEVICE_FAMILY = "1,2";
			};
			name = Debug;
		};
		86304EC52AF3DF78002BA83C /* Release */ = {
			isa = XCBuildConfiguration;
			baseConfigurationReference = B6796BD811DB1CCC9D1DE20B /* Pods-MyCocoapodClient.release.xcconfig */;
			buildSettings = {
				ASSETCATALOG_COMPILER_APPICON_NAME = AppIcon;
				ASSETCATALOG_COMPILER_GLOBAL_ACCENT_COLOR_NAME = AccentColor;
				CODE_SIGN_STYLE = Automatic;
				CURRENT_PROJECT_VERSION = 1;
				GENERATE_INFOPLIST_FILE = YES;
				INFOPLIST_FILE = MyCocoapodClient/Info.plist;
				INFOPLIST_KEY_UIApplicationSupportsIndirectInputEvents = YES;
				INFOPLIST_KEY_UILaunchStoryboardName = LaunchScreen;
				INFOPLIST_KEY_UIMainStoryboardFile = Main;
				INFOPLIST_KEY_UISupportedInterfaceOrientations_iPad = "UIInterfaceOrientationPortrait UIInterfaceOrientationPortraitUpsideDown UIInterfaceOrientationLandscapeLeft UIInterfaceOrientationLandscapeRight";
				INFOPLIST_KEY_UISupportedInterfaceOrientations_iPhone = "UIInterfaceOrientationPortrait UIInterfaceOrientationLandscapeLeft UIInterfaceOrientationLandscapeRight";
				LD_RUNPATH_SEARCH_PATHS = (
					"$(inherited)",
					"@executable_path/Frameworks",
				);
				MARKETING_VERSION = 1.0;
				PRODUCT_BUNDLE_IDENTIFIER = com.nag.MyCocoapodClient;
				PRODUCT_NAME = "$(TARGET_NAME)";
				SWIFT_EMIT_LOC_STRINGS = YES;
				SWIFT_VERSION = 5.0;
				TARGETED_DEVICE_FAMILY = "1,2";
			};
			name = Release;
		};
/* End XCBuildConfiguration section */

/* Begin XCConfigurationList section */
		86304EAA2AF3DF75002BA83C /* Build configuration list for PBXProject "MyCocoapodClient" */ = {
			isa = XCConfigurationList;
			buildConfigurations = (
				86304EC12AF3DF78002BA83C /* Debug */,
				86304EC22AF3DF78002BA83C /* Release */,
			);
			defaultConfigurationIsVisible = 0;
			defaultConfigurationName = Release;
		};
		86304EC32AF3DF78002BA83C /* Build configuration list for PBXNativeTarget "MyCocoapodClient" */ = {
			isa = XCConfigurationList;
			buildConfigurations = (
				86304EC42AF3DF78002BA83C /* Debug */,
				86304EC52AF3DF78002BA83C /* Release */,
			);
			defaultConfigurationIsVisible = 0;
			defaultConfigurationName = Release;
		};
/* End XCConfigurationList section */
	};
	rootObject = 86304EA72AF3DF75002BA83C /* Project object */;
}
